# THIS IS AN AUTOGENERATED FILE. DO NOT EDIT THIS FILE DIRECTLY.
# yarn lockfile v1


uikit@^3.1.6:
  version "3.1.6"
  resolved "https://registry.yarnpkg.com/uikit/-/uikit-3.1.6.tgz#6e4126e8f30fbba424d4b6788e49dda9ff9be088"
  integrity sha512-S4+1kPUbBXcAc8kO8OhZRgawcp6gmMK9BSx865vsun4ul/rXwgQ95i/3hF2axchQ5Gb6ncH1VfUpfKiOfFecsA==
